{
  "name": "simple_ptp",
  "version": "0.0.1",
  "lockfileVersion": 1,
  "requires": true,
  "dependencies": {
    "@types/blessed": {
      "version": "0.1.17",
      "resolved": "https://registry.npmjs.org/@types/blessed/-/blessed-0.1.17.tgz",
      "integrity": "sha512-BKvUtnrXksNdK0fOYV/9HJGkjCcAvOGMSCJsiHaBFyBeyqHwy2OHK32r5XNI+q0eXuAuGqtPOnDetHnbZoYqag==",
      "requires": {
        "@types/node": "*"
      }
    },
    "@types/node": {
      "version": "14.0.5",
      "resolved": "https://registry.npmjs.org/@types/node/-/node-14.0.5.tgz",
      "integrity": "sha512-90hiq6/VqtQgX8Sp0EzeIsv3r+ellbGj4URKj5j30tLlZvRUpnAe9YbYnjl3pJM93GyXU0tghHhvXHq+5rnCKA=="
    },
    "blessed": {
      "version": "0.1.81",
      "resolved": "https://registry.npmjs.org/blessed/-/blessed-0.1.81.tgz",
      "integrity": "sha1-+WLWh+wsNpVwrnGvhDJW5tDKESk="
    },
    "commander": {
      "version": "5.1.0",
      "resolved": "https://registry.npmjs.org/commander/-/commander-5.1.0.tgz",
      "integrity": "sha512-P0CysNDQ7rtVw4QIQtm+MRxV66vKFSvlsQvGYXZWR3qFU0jlMKHZZZgw8e+8DSah4UDKMqnknRDQz+xuQXQ/Zg=="
    },
    "fixed-width-string": {
      "version": "2.0.0",
      "resolved": "https://registry.npmjs.org/fixed-width-string/-/fixed-width-string-2.0.0.tgz",
      "integrity": "sha512-x0EEj6r54LPjESQpwtU6Dwxk08TSfXZrOGNsaHBOY9RUxepw8JZ8sZtrrvD1zqB3wMi1whvGflOugcSMlRVn4Q=="
    }
  }
}
